
Microsoft Visual Studio Solution File, Format Version 12.00
# Visual Studio Version 16
VisualStudioVersion = 16.0.32407.337
MinimumVisualStudioVersion = 10.0.40219.1
Project("{FAE04EC0-301F-11D3-BF4B-00C04F79EFBC}") = "Ambulance", "Ambulance\Ambulance.csproj", "{4024858D-CF5E-4136-BAAF-26FAC56141B8}"
EndProject
Global
	GlobalSection(SolutionConfigurationPlatforms) = preSolution
		Debug|Any CPU = Debug|Any CPU
		Release|Any CPU = Release|Any CPU
	EndGlobalSection
	GlobalSection(ProjectConfigurationPlatforms) = postSolution
		{4024858D-CF5E-4136-BAAF-26FAC56141B8}.Debug|Any CPU.ActiveCfg = Debug|Any CPU
		{4024858D-CF5E-4136-BAAF-26FAC56141B8}.Debug|Any CPU.Build.0 = Debug|Any CPU
		{4024858D-CF5E-4136-BAAF-26FAC56141B8}.Release|Any CPU.ActiveCfg = Release|Any CPU
		{4024858D-CF5E-4136-BAAF-26FAC56141B8}.Release|Any CPU.Build.0 = Release|Any CPU
	EndGlobalSection
	GlobalSection(SolutionProperties) = preSolution
		HideSolutionNode = FALSE
	EndGlobalSection
	GlobalSection(ExtensibilityGlobals) = postSolution
		SolutionGuid = {52D0E336-E816-4A03-AE49-C6427F6B6917}
	EndGlobalSection
EndGlobal
